
Microsoft Visual Studio Solution File, Format Version 11.00
# Visual Studio 2010
Project("{FAE04EC0-301F-11D3-BF4B-00C04F79EFBC}") = "JScroller.Mvc", "JScroller.Mvc\JScroller.Mvc.csproj", "{CFF3367B-5762-4643-9DA1-889956730B07}"
EndProject
Global
	GlobalSection(SolutionConfigurationPlatforms) = preSolution
		Debug|Any CPU = Debug|Any CPU
		Release|Any CPU = Release|Any CPU
	EndGlobalSection
	GlobalSection(ProjectConfigurationPlatforms) = postSolution
		{CFF3367B-5762-4643-9DA1-889956730B07}.Debug|Any CPU.ActiveCfg = Debug|Any CPU
		{CFF3367B-5762-4643-9DA1-889956730B07}.Debug|Any CPU.Build.0 = Debug|Any CPU
		{CFF3367B-5762-4643-9DA1-889956730B07}.Release|Any CPU.ActiveCfg = Release|Any CPU
		{CFF3367B-5762-4643-9DA1-889956730B07}.Release|Any CPU.Build.0 = Release|Any CPU
	EndGlobalSection
	GlobalSection(SolutionProperties) = preSolution
		HideSolutionNode = FALSE
	EndGlobalSection
EndGlobal
